
Microsoft Visual Studio Solution File, Format Version 12.00
# Visual Studio 2013
VisualStudioVersion = 12.0.31101.0
MinimumVisualStudioVersion = 10.0.40219.1
Project("{FAE04EC0-301F-11D3-BF4B-00C04F79EFBC}") = "XML", "ConsoleApplication2\XML.csproj", "{16179AE8-FE5D-48DB-880E-40CCCBD761B1}"
EndProject
Project("{FAE04EC0-301F-11D3-BF4B-00C04F79EFBC}") = "WpfApplication1", "WpfApplication1\WpfApplication1.csproj", "{1D59CEA3-DE46-4B84-9796-B7FA08485DD6}"
EndProject
Project("{FAE04EC0-301F-11D3-BF4B-00C04F79EFBC}") = "ConsoleApplication3", "ConsoleApplication3\ConsoleApplication3.csproj", "{9BD05168-E272-403C-A9A0-27B90513134F}"
EndProject
Project("{FAE04EC0-301F-11D3-BF4B-00C04F79EFBC}") = "MyBeginInvoke", "WindowsFormsApplication1\MyBeginInvoke.csproj", "{1459B5E4-468D-4DD3-A736-E0BC8CE666B6}"
EndProject
Project("{FAE04EC0-301F-11D3-BF4B-00C04F79EFBC}") = "EventHandler", "WindowsFormsApplication2\EventHandler.csproj", "{E21257E2-1BAA-451C-81F1-BA8DA0B6343E}"
EndProject
Project("{FAE04EC0-301F-11D3-BF4B-00C04F79EFBC}") = "XieBian_LiBian", "ConsoleApplication4\XieBian_LiBian.csproj", "{F1B2080A-29AE-47BD-97F5-C46B25639D77}"
EndProject
Project("{FAE04EC0-301F-11D3-BF4B-00C04F79EFBC}") = "Proxy", "ConsoleApplication5\Proxy.csproj", "{C5C397BD-E9FD-46C1-80D1-7A7B867778A9}"
EndProject
Project("{FAE04EC0-301F-11D3-BF4B-00C04F79EFBC}") = "Expression_Lambda", "ConsoleApplication6\Expression_Lambda.csproj", "{312A4E2A-25F2-4E25-BD2C-E4BC1AFFFA02}"
EndProject
Project("{FAE04EC0-301F-11D3-BF4B-00C04F79EFBC}") = "MyException", "MyException\MyException\MyException.csproj", "{3E405A00-E4F2-47F3-B6EC-D280482A35E4}"
EndProject
Project("{FAE04EC0-301F-11D3-BF4B-00C04F79EFBC}") = "MyUnity", "MyUnity\MyUnity.csproj", "{41808EC1-E252-4031-8DE0-3CAA6030F0EF}"
EndProject
Project("{FAE04EC0-301F-11D3-BF4B-00C04F79EFBC}") = "MyHttpClient", "MyHttpClient\MyHttpClient.csproj", "{074A60F8-64E4-4A9D-AFF2-4A991EBCBD52}"
EndProject
Project("{FAE04EC0-301F-11D3-BF4B-00C04F79EFBC}") = "WindowsFormsApplication3", "WindowsFormsApplication3\WindowsFormsApplication3.csproj", "{6F019E71-5241-4C0A-B40E-87DACE705057}"
EndProject
Project("{FAE04EC0-301F-11D3-BF4B-00C04F79EFBC}") = "MyStream", "MyStream\MyStream.csproj", "{19EF990B-A76F-40AA-B5E2-1157BC4DA546}"
EndProject
Project("{FAE04EC0-301F-11D3-BF4B-00C04F79EFBC}") = "WindowsService1", "WindowsService1\WindowsService1.csproj", "{77F5896E-8F0F-4507-B551-00036DFE032F}"
EndProject
Project("{FAE04EC0-301F-11D3-BF4B-00C04F79EFBC}") = "MyCode", "MyCode\MyCode.csproj", "{7227783E-470A-4BFC-B12C-7B35D6F11073}"
EndProject
Project("{FAE04EC0-301F-11D3-BF4B-00C04F79EFBC}") = "Mylock", "Mylock\Mylock.csproj", "{89B2F3D8-69F1-4B1A-AC00-600B89ED7744}"
EndProject
Project("{FAE04EC0-301F-11D3-BF4B-00C04F79EFBC}") = "UserPage", "UserPage\UserPage.csproj", "{329485F8-4CC3-4C3E-B51C-D02A877A51EE}"
EndProject
Project("{FAE04EC0-301F-11D3-BF4B-00C04F79EFBC}") = "MyTask", "WindowsFormsApplication4\MyTask.csproj", "{27EB6774-FC21-4D8A-88E0-E023ABB043D7}"
EndProject
Project("{FAE04EC0-301F-11D3-BF4B-00C04F79EFBC}") = "MyHttpLi", "MyHttpLi\MyHttpLi.csproj", "{E1EEBCF8-AD5B-44A6-BCA4-F1284847D1BB}"
EndProject
Project("{E24C65DC-7377-472B-9ABA-BC803B73C61A}") = "WebSite2", "http://localhost:11795", "{9E6DEFB2-5E9E-476F-81CF-5981EE3733E9}"
	ProjectSection(WebsiteProperties) = preProject
		UseIISExpress = "true"
		TargetFrameworkMoniker = ".NETFramework,Version%3Dv4.5"
		Debug.AspNetCompiler.VirtualPath = "/localhost_11795"
		Debug.AspNetCompiler.PhysicalPath = "C:\Users\WF\Documents\Visual Studio 2013\WebSites\WebSite2\"
		Debug.AspNetCompiler.TargetPath = "PrecompiledWeb\localhost_11795\"
		Debug.AspNetCompiler.Updateable = "true"
		Debug.AspNetCompiler.ForceOverwrite = "true"
		Debug.AspNetCompiler.FixedNames = "false"
		Debug.AspNetCompiler.Debug = "True"
		Release.AspNetCompiler.VirtualPath = "/localhost_11795"
		Release.AspNetCompiler.PhysicalPath = "C:\Users\WF\Documents\Visual Studio 2013\WebSites\WebSite2\"
		Release.AspNetCompiler.TargetPath = "PrecompiledWeb\localhost_11795\"
		Release.AspNetCompiler.Updateable = "true"
		Release.AspNetCompiler.ForceOverwrite = "true"
		Release.AspNetCompiler.FixedNames = "false"
		Release.AspNetCompiler.Debug = "False"
		SlnRelativePath = "C:\Users\WF\Documents\Visual Studio 2013\WebSites\WebSite2\"
		DefaultWebSiteLanguage = "Visual C#"
	EndProjectSection
EndProject
Project("{FAE04EC0-301F-11D3-BF4B-00C04F79EFBC}") = "UserSection", "UserSection\UserSection.csproj", "{7D545CB6-BB0E-4ADE-A39B-DD0DA891A873}"
EndProject
Project("{FAE04EC0-301F-11D3-BF4B-00C04F79EFBC}") = "GUId", "GUId\GUId.csproj", "{3BFCC513-C9B9-4F67-A5E6-6809D0161700}"
EndProject
Global
	GlobalSection(SolutionConfigurationPlatforms) = preSolution
		Debug|Any CPU = Debug|Any CPU
		Release|Any CPU = Release|Any CPU
	EndGlobalSection
	GlobalSection(ProjectConfigurationPlatforms) = postSolution
		{16179AE8-FE5D-48DB-880E-40CCCBD761B1}.Debug|Any CPU.ActiveCfg = Debug|Any CPU
		{16179AE8-FE5D-48DB-880E-40CCCBD761B1}.Debug|Any CPU.Build.0 = Debug|Any CPU
		{16179AE8-FE5D-48DB-880E-40CCCBD761B1}.Release|Any CPU.ActiveCfg = Release|Any CPU
		{16179AE8-FE5D-48DB-880E-40CCCBD761B1}.Release|Any CPU.Build.0 = Release|Any CPU
		{1D59CEA3-DE46-4B84-9796-B7FA08485DD6}.Debug|Any CPU.ActiveCfg = Debug|Any CPU
		{1D59CEA3-DE46-4B84-9796-B7FA08485DD6}.Debug|Any CPU.Build.0 = Debug|Any CPU
		{1D59CEA3-DE46-4B84-9796-B7FA08485DD6}.Release|Any CPU.ActiveCfg = Release|Any CPU
		{1D59CEA3-DE46-4B84-9796-B7FA08485DD6}.Release|Any CPU.Build.0 = Release|Any CPU
		{9BD05168-E272-403C-A9A0-27B90513134F}.Debug|Any CPU.ActiveCfg = Debug|Any CPU
		{9BD05168-E272-403C-A9A0-27B90513134F}.Debug|Any CPU.Build.0 = Debug|Any CPU
		{9BD05168-E272-403C-A9A0-27B90513134F}.Release|Any CPU.ActiveCfg = Release|Any CPU
		{9BD05168-E272-403C-A9A0-27B90513134F}.Release|Any CPU.Build.0 = Release|Any CPU
		{1459B5E4-468D-4DD3-A736-E0BC8CE666B6}.Debug|Any CPU.ActiveCfg = Debug|Any CPU
		{1459B5E4-468D-4DD3-A736-E0BC8CE666B6}.Debug|Any CPU.Build.0 = Debug|Any CPU
		{1459B5E4-468D-4DD3-A736-E0BC8CE666B6}.Release|Any CPU.ActiveCfg = Release|Any CPU
		{1459B5E4-468D-4DD3-A736-E0BC8CE666B6}.Release|Any CPU.Build.0 = Release|Any CPU
		{E21257E2-1BAA-451C-81F1-BA8DA0B6343E}.Debug|Any CPU.ActiveCfg = Debug|Any CPU
		{E21257E2-1BAA-451C-81F1-BA8DA0B6343E}.Debug|Any CPU.Build.0 = Debug|Any CPU
		{E21257E2-1BAA-451C-81F1-BA8DA0B6343E}.Release|Any CPU.ActiveCfg = Release|Any CPU
		{E21257E2-1BAA-451C-81F1-BA8DA0B6343E}.Release|Any CPU.Build.0 = Release|Any CPU
		{F1B2080A-29AE-47BD-97F5-C46B25639D77}.Debug|Any CPU.ActiveCfg = Debug|Any CPU
		{F1B2080A-29AE-47BD-97F5-C46B25639D77}.Debug|Any CPU.Build.0 = Debug|Any CPU
		{F1B2080A-29AE-47BD-97F5-C46B25639D77}.Release|Any CPU.ActiveCfg = Release|Any CPU
		{F1B2080A-29AE-47BD-97F5-C46B25639D77}.Release|Any CPU.Build.0 = Release|Any CPU
		{C5C397BD-E9FD-46C1-80D1-7A7B867778A9}.Debug|Any CPU.ActiveCfg = Debug|Any CPU
		{C5C397BD-E9FD-46C1-80D1-7A7B867778A9}.Debug|Any CPU.Build.0 = Debug|Any CPU
		{C5C397BD-E9FD-46C1-80D1-7A7B867778A9}.Release|Any CPU.ActiveCfg = Release|Any CPU
		{C5C397BD-E9FD-46C1-80D1-7A7B867778A9}.Release|Any CPU.Build.0 = Release|Any CPU
		{312A4E2A-25F2-4E25-BD2C-E4BC1AFFFA02}.Debug|Any CPU.ActiveCfg = Debug|Any CPU
		{312A4E2A-25F2-4E25-BD2C-E4BC1AFFFA02}.Debug|Any CPU.Build.0 = Debug|Any CPU
		{312A4E2A-25F2-4E25-BD2C-E4BC1AFFFA02}.Release|Any CPU.ActiveCfg = Release|Any CPU
		{312A4E2A-25F2-4E25-BD2C-E4BC1AFFFA02}.Release|Any CPU.Build.0 = Release|Any CPU
		{3E405A00-E4F2-47F3-B6EC-D280482A35E4}.Debug|Any CPU.ActiveCfg = Debug|Any CPU
		{3E405A00-E4F2-47F3-B6EC-D280482A35E4}.Debug|Any CPU.Build.0 = Debug|Any CPU
		{3E405A00-E4F2-47F3-B6EC-D280482A35E4}.Release|Any CPU.ActiveCfg = Release|Any CPU
		{3E405A00-E4F2-47F3-B6EC-D280482A35E4}.Release|Any CPU.Build.0 = Release|Any CPU
		{41808EC1-E252-4031-8DE0-3CAA6030F0EF}.Debug|Any CPU.ActiveCfg = Debug|Any CPU
		{41808EC1-E252-4031-8DE0-3CAA6030F0EF}.Debug|Any CPU.Build.0 = Debug|Any CPU
		{41808EC1-E252-4031-8DE0-3CAA6030F0EF}.Release|Any CPU.ActiveCfg = Release|Any CPU
		{41808EC1-E252-4031-8DE0-3CAA6030F0EF}.Release|Any CPU.Build.0 = Release|Any CPU
		{074A60F8-64E4-4A9D-AFF2-4A991EBCBD52}.Debug|Any CPU.ActiveCfg = Debug|Any CPU
		{074A60F8-64E4-4A9D-AFF2-4A991EBCBD52}.Debug|Any CPU.Build.0 = Debug|Any CPU
		{074A60F8-64E4-4A9D-AFF2-4A991EBCBD52}.Release|Any CPU.ActiveCfg = Release|Any CPU
		{074A60F8-64E4-4A9D-AFF2-4A991EBCBD52}.Release|Any CPU.Build.0 = Release|Any CPU
		{6F019E71-5241-4C0A-B40E-87DACE705057}.Debug|Any CPU.ActiveCfg = Debug|Any CPU
		{6F019E71-5241-4C0A-B40E-87DACE705057}.Debug|Any CPU.Build.0 = Debug|Any CPU
		{6F019E71-5241-4C0A-B40E-87DACE705057}.Release|Any CPU.ActiveCfg = Release|Any CPU
		{6F019E71-5241-4C0A-B40E-87DACE705057}.Release|Any CPU.Build.0 = Release|Any CPU
		{19EF990B-A76F-40AA-B5E2-1157BC4DA546}.Debug|Any CPU.ActiveCfg = Debug|Any CPU
		{19EF990B-A76F-40AA-B5E2-1157BC4DA546}.Debug|Any CPU.Build.0 = Debug|Any CPU
		{19EF990B-A76F-40AA-B5E2-1157BC4DA546}.Release|Any CPU.ActiveCfg = Release|Any CPU
		{19EF990B-A76F-40AA-B5E2-1157BC4DA546}.Release|Any CPU.Build.0 = Release|Any CPU
		{77F5896E-8F0F-4507-B551-00036DFE032F}.Debug|Any CPU.ActiveCfg = Debug|Any CPU
		{77F5896E-8F0F-4507-B551-00036DFE032F}.Debug|Any CPU.Build.0 = Debug|Any CPU
		{77F5896E-8F0F-4507-B551-00036DFE032F}.Release|Any CPU.ActiveCfg = Release|Any CPU
		{77F5896E-8F0F-4507-B551-00036DFE032F}.Release|Any CPU.Build.0 = Release|Any CPU
		{7227783E-470A-4BFC-B12C-7B35D6F11073}.Debug|Any CPU.ActiveCfg = Debug|Any CPU
		{7227783E-470A-4BFC-B12C-7B35D6F11073}.Debug|Any CPU.Build.0 = Debug|Any CPU
		{7227783E-470A-4BFC-B12C-7B35D6F11073}.Release|Any CPU.ActiveCfg = Release|Any CPU
		{7227783E-470A-4BFC-B12C-7B35D6F11073}.Release|Any CPU.Build.0 = Release|Any CPU
		{89B2F3D8-69F1-4B1A-AC00-600B89ED7744}.Debug|Any CPU.ActiveCfg = Debug|Any CPU
		{89B2F3D8-69F1-4B1A-AC00-600B89ED7744}.Debug|Any CPU.Build.0 = Debug|Any CPU
		{89B2F3D8-69F1-4B1A-AC00-600B89ED7744}.Release|Any CPU.ActiveCfg = Release|Any CPU
		{89B2F3D8-69F1-4B1A-AC00-600B89ED7744}.Release|Any CPU.Build.0 = Release|Any CPU
		{329485F8-4CC3-4C3E-B51C-D02A877A51EE}.Debug|Any CPU.ActiveCfg = Debug|Any CPU
		{329485F8-4CC3-4C3E-B51C-D02A877A51EE}.Debug|Any CPU.Build.0 = Debug|Any CPU
		{329485F8-4CC3-4C3E-B51C-D02A877A51EE}.Release|Any CPU.ActiveCfg = Release|Any CPU
		{329485F8-4CC3-4C3E-B51C-D02A877A51EE}.Release|Any CPU.Build.0 = Release|Any CPU
		{27EB6774-FC21-4D8A-88E0-E023ABB043D7}.Debug|Any CPU.ActiveCfg = Debug|Any CPU
		{27EB6774-FC21-4D8A-88E0-E023ABB043D7}.Debug|Any CPU.Build.0 = Debug|Any CPU
		{27EB6774-FC21-4D8A-88E0-E023ABB043D7}.Release|Any CPU.ActiveCfg = Release|Any CPU
		{27EB6774-FC21-4D8A-88E0-E023ABB043D7}.Release|Any CPU.Build.0 = Release|Any CPU
		{E1EEBCF8-AD5B-44A6-BCA4-F1284847D1BB}.Debug|Any CPU.ActiveCfg = Debug|Any CPU
		{E1EEBCF8-AD5B-44A6-BCA4-F1284847D1BB}.Debug|Any CPU.Build.0 = Debug|Any CPU
		{E1EEBCF8-AD5B-44A6-BCA4-F1284847D1BB}.Release|Any CPU.ActiveCfg = Release|Any CPU
		{E1EEBCF8-AD5B-44A6-BCA4-F1284847D1BB}.Release|Any CPU.Build.0 = Release|Any CPU
		{9E6DEFB2-5E9E-476F-81CF-5981EE3733E9}.Debug|Any CPU.ActiveCfg = Debug|Any CPU
		{9E6DEFB2-5E9E-476F-81CF-5981EE3733E9}.Debug|Any CPU.Build.0 = Debug|Any CPU
		{9E6DEFB2-5E9E-476F-81CF-5981EE3733E9}.Release|Any CPU.ActiveCfg = Debug|Any CPU
		{9E6DEFB2-5E9E-476F-81CF-5981EE3733E9}.Release|Any CPU.Build.0 = Debug|Any CPU
		{7D545CB6-BB0E-4ADE-A39B-DD0DA891A873}.Debug|Any CPU.ActiveCfg = Debug|Any CPU
		{7D545CB6-BB0E-4ADE-A39B-DD0DA891A873}.Debug|Any CPU.Build.0 = Debug|Any CPU
		{7D545CB6-BB0E-4ADE-A39B-DD0DA891A873}.Release|Any CPU.ActiveCfg = Release|Any CPU
		{7D545CB6-BB0E-4ADE-A39B-DD0DA891A873}.Release|Any CPU.Build.0 = Release|Any CPU
		{3BFCC513-C9B9-4F67-A5E6-6809D0161700}.Debug|Any CPU.ActiveCfg = Debug|Any CPU
		{3BFCC513-C9B9-4F67-A5E6-6809D0161700}.Debug|Any CPU.Build.0 = Debug|Any CPU
		{3BFCC513-C9B9-4F67-A5E6-6809D0161700}.Release|Any CPU.ActiveCfg = Release|Any CPU
		{3BFCC513-C9B9-4F67-A5E6-6809D0161700}.Release|Any CPU.Build.0 = Release|Any CPU
	EndGlobalSection
	GlobalSection(SolutionProperties) = preSolution
		HideSolutionNode = FALSE
	EndGlobalSection
EndGlobal
